
Microsoft Visual Studio Solution File, Format Version 12.00
# Visual Studio 15
VisualStudioVersion = 15.0.28307.271
MinimumVisualStudioVersion = 10.0.40219.1
Project("{FAE04EC0-301F-11D3-BF4B-00C04F79EFBC}") = "BeeconTest", "BeeconTest\BeeconTest.csproj", "{4A02BCCA-157F-4527-B842-893D9B691A97}"
EndProject
Global
	GlobalSection(SolutionConfigurationPlatforms) = preSolution
		Debug|Any CPU = Debug|Any CPU
		Release|Any CPU = Release|Any CPU
	EndGlobalSection
	GlobalSection(ProjectConfigurationPlatforms) = postSolution
		{4A02BCCA-157F-4527-B842-893D9B691A97}.Debug|Any CPU.ActiveCfg = Debug|Any CPU
		{4A02BCCA-157F-4527-B842-893D9B691A97}.Debug|Any CPU.Build.0 = Debug|Any CPU
		{4A02BCCA-157F-4527-B842-893D9B691A97}.Release|Any CPU.ActiveCfg = Release|Any CPU
		{4A02BCCA-157F-4527-B842-893D9B691A97}.Release|Any CPU.Build.0 = Release|Any CPU
	EndGlobalSection
	GlobalSection(SolutionProperties) = preSolution
		HideSolutionNode = FALSE
	EndGlobalSection
	GlobalSection(ExtensibilityGlobals) = postSolution
		SolutionGuid = {694A4AA0-5C8E-4B14-9D58-75DBAACFAD08}
	EndGlobalSection
EndGlobal
